# This file is autogenerated, do not edit; changes may be undone by the next 'dep ensure'.


[[projects]]
  name = "github.com/Ariemeth/quantum-pulse"
  packages = [
    "components",
    "engine",
    "entity",
    "resources",
    "systems"
  ]
  revision = "af3a22c5bcb91028ad2f8135f6f1354196e3a37c"
  version = "v0.0.1"

[[projects]]
  branch = "master"
  name = "github.com/go-gl/gl"
  packages = ["v4.1-core/gl"]
  revision = "68e2537930806bfcee1b92a0e14b4e9b8bb3a3e3"

[[projects]]
  branch = "master"
  name = "github.com/go-gl/glfw"
  packages = ["v3.2/glfw"]
  revision = "46a8d530c3268b31eeb1310f30fe42be1cae98f2"

[[projects]]
  branch = "master"
  name = "github.com/go-gl/mathgl"
  packages = ["mgl32"]
  revision = "5ab0e04e1f55a10f3a71b1fccc60ca2ee9a0bc02"

[[projects]]
  branch = "master"
  name = "golang.org/x/image"
  packages = ["math/f32"]
  revision = "cc896f830cedae125428bc9fe1b0362aa91b3fb1"

[solve-meta]
  analyzer-name = "dep"
  analyzer-version = 1
  inputs-digest = "2880e4eb601367140ae22de7ee8318959e4a02e593d1f089816761d488648943"
  solver-name = "gps-cdcl"
  solver-version = 1
